# This file is autogenerated, do not edit; changes may be undone by the next 'dep ensure'.


[[projects]]
  branch = "master"
  name = "github.com/Graylog2/go-gelf"
  packages = ["gelf"]
  revision = "7029da823dad4ef3a876df61065156acb703b2ea"

[[projects]]
  name = "github.com/StabbyCutyou/buffstreams"
  packages = ["."]
  revision = "df3654df598b41172daaff0a46562eca6f5ab282"
  version = "v2.0.0"

[[projects]]
  name = "github.com/aws/aws-sdk-go"
  packages = ["aws","aws/awserr","aws/awsutil","aws/client","aws/client/metadata","aws/corehandlers","aws/credentials","aws/credentials/ec2rolecreds","aws/credentials/endpointcreds","aws/credentials/stscreds","aws/defaults","aws/ec2metadata","aws/endpoints","aws/request","aws/session","aws/signer/v4","internal/shareddefaults","private/protocol","private/protocol/query","private/protocol/query/queryutil","private/protocol/rest","private/protocol/xml/xmlutil","service/sns","service/sts"]
  revision = "a5a7f553e106c0b1dcbfbdaeb8774592fcc1a68a"
  version = "v1.10.6"

[[projects]]
  name = "github.com/bitly/go-simplejson"
  packages = ["."]
  revision = "aabad6e819789e569bd6aabf444c935aa9ba1e44"
  version = "v0.5.0"

[[projects]]
  name = "github.com/garyburd/redigo"
  packages = ["internal","redis"]
  revision = "433969511232c397de61b1442f9fd49ec06ae9ba"
  version = "v1.1.0"

[[projects]]
  name = "github.com/go-ini/ini"
  packages = ["."]
  revision = "d3de07a94d22b4a0972deb4b96d790c2c0ce8333"
  version = "v1.28.0"

[[projects]]
  name = "github.com/jmespath/go-jmespath"
  packages = ["."]
  revision = "3433f3ea46d9f8019119e7dd41274e112a2359a9"
  version = "0.2.2"

[[projects]]
  branch = "master"
  name = "github.com/jrallison/go-workers"
  packages = ["."]
  revision = "d60d79dbbfbb83f849d2430013a59152845fa598"

[[projects]]
  branch = "master"
  name = "github.com/orcaman/concurrent-map"
  packages = ["."]
  revision = "2ae17bc4c860c83513ee50feb9746f3e50d7515d"

[[projects]]
  name = "github.com/revel/modules"
  packages = ["static/app/controllers"]
  revision = "c55b6f7e4a14f79cbe4987d1f0bf1895d33177ad"
  version = "v0.16.0"

[[projects]]
  name = "github.com/revel/revel"
  packages = ["testing"]
  revision = "ef98b4e03c1f92cab619288786ceae91cd94c653"
  version = "v0.16.0"

[[projects]]
  branch = "master"
  name = "golang.org/x/net"
  packages = ["websocket"]
  revision = "1f9224279e98554b6a6432d4dd998a739f8b2b7c"

[[projects]]
  name = "gopkg.in/oleiade/reflections.v1"
  packages = ["."]
  revision = "2b6ec3da648e3e834dc41bad8d9ed7f2dc6a9496"
  version = "v1.0.0"

[[projects]]
  branch = "v2"
  name = "gopkg.in/yaml.v2"
  packages = ["."]
  revision = "cd8b52f8269e0feb286dfeef29f8fe4d5b397e0b"

[solve-meta]
  analyzer-name = "dep"
  analyzer-version = 1
  inputs-digest = "06ce2459c5dd0a55785dcf08a122d1cda4f72d022e614eb2bc5a4972cac4fa2b"
  solver-name = "gps-cdcl"
  solver-version = 1
